// !$*UTF8*$!
{
	archiveVersion = 1;
	classes = {
	};
	objectVersion = 46;
	objects = {

/* Begin PBXBuildFile section */
		54191C8B4069D6B94223E323 /* libPods.a in Frameworks */ = {isa = PBXBuildFile; fileRef = 228223110C2370D9D1CCDB0F /* libPods.a */; };
		575D198C1AF5400E00EA5247 /* main.m in Sources */ = {isa = PBXBuildFile; fileRef = 575D198B1AF5400E00EA5247 /* main.m */; };
		575D198F1AF5400E00EA5247 /* AppDelegate.m in Sources */ = {isa = PBXBuildFile; fileRef = 575D198E1AF5400E00EA5247 /* AppDelegate.m */; };
		575D19921AF5400E00EA5247 /* ViewController.m in Sources */ = {isa = PBXBuildFile; fileRef = 575D19911AF5400E00EA5247 /* ViewController.m */; };
		575D19951AF5400E00EA5247 /* Main.storyboard in Resources */ = {isa = PBXBuildFile; fileRef = 575D19931AF5400E00EA5247 /* Main.storyboard */; };
		575D19971AF5400E00EA5247 /* Images.xcassets in Resources */ = {isa = PBXBuildFile; fileRef = 575D19961AF5400E00EA5247 /* Images.xcassets */; };
		575D199A1AF5400E00EA5247 /* LaunchScreen.xib in Resources */ = {isa = PBXBuildFile; fileRef = 575D19981AF5400E00EA5247 /* LaunchScreen.xib */; };
		575D19A61AF5400E00EA5247 /* TCDTests.m in Sources */ = {isa = PBXBuildFile; fileRef = 575D19A51AF5400E00EA5247 /* TCDTests.m */; };
		575D19B01AF540B800EA5247 /* AudioToolbox.framework in Frameworks */ = {isa = PBXBuildFile; fileRef = 575D19AF1AF540B800EA5247 /* AudioToolbox.framework */; };
		575D19B21AF540C100EA5247 /* CFNetwork.framework in Frameworks */ = {isa = PBXBuildFile; fileRef = 575D19B11AF540C100EA5247 /* CFNetwork.framework */; };
		575D19B41AF540C700EA5247 /* CoreGraphics.framework in Frameworks */ = {isa = PBXBuildFile; fileRef = 575D19B31AF540C700EA5247 /* CoreGraphics.framework */; };
		575D19B61AF540EB00EA5247 /* CoreLocation.framework in Frameworks */ = {isa = PBXBuildFile; fileRef = 575D19B51AF540EB00EA5247 /* CoreLocation.framework */; };
		575D19B81AF540FB00EA5247 /* libz.1.1.3.dylib in Frameworks */ = {isa = PBXBuildFile; fileRef = 575D19B71AF540FB00EA5247 /* libz.1.1.3.dylib */; };
		575D19BA1AF5410300EA5247 /* MobileCoreServices.framework in Frameworks */ = {isa = PBXBuildFile; fileRef = 575D19B91AF5410300EA5247 /* MobileCoreServices.framework */; };
		575D19BC1AF5411200EA5247 /* QuartzCore.framework in Frameworks */ = {isa = PBXBuildFile; fileRef = 575D19BB1AF5411200EA5247 /* QuartzCore.framework */; };
		575D19BE1AF5411700EA5247 /* Security.framework in Frameworks */ = {isa = PBXBuildFile; fileRef = 575D19BD1AF5411700EA5247 /* Security.framework */; };
		575D19C01AF5411D00EA5247 /* SystemConfiguration.framework in Frameworks */ = {isa = PBXBuildFile; fileRef = 575D19BF1AF5411D00EA5247 /* SystemConfiguration.framework */; };
		575D19C21AF5413100EA5247 /* StoreKit.framework in Frameworks */ = {isa = PBXBuildFile; fileRef = 575D19C11AF5413100EA5247 /* StoreKit.framework */; };
		575D19C41AF5413A00EA5247 /* Bolts.framework in Frameworks */ = {isa = PBXBuildFile; fileRef = 575D19C31AF5413A00EA5247 /* Bolts.framework */; };
		575D19C61AF5414700EA5247 /* Parse.framework in Frameworks */ = {isa = PBXBuildFile; fileRef = 575D19C51AF5414700EA5247 /* Parse.framework */; };
		575D19C91AF541C900EA5247 /* HomeTableViewController.m in Sources */ = {isa = PBXBuildFile; fileRef = 575D19C81AF541C900EA5247 /* HomeTableViewController.m */; };
		575D19CB1AF541F800EA5247 /* ParseUI.framework in Frameworks */ = {isa = PBXBuildFile; fileRef = 575D19CA1AF541F800EA5247 /* ParseUI.framework */; };
		575D19CD1AF5436200EA5247 /* libsqlite3.dylib in Frameworks */ = {isa = PBXBuildFile; fileRef = 575D19CC1AF5436200EA5247 /* libsqlite3.dylib */; };
		575D19D01AF551FD00EA5247 /* HomeDetailViewController.m in Sources */ = {isa = PBXBuildFile; fileRef = 575D19CF1AF551FD00EA5247 /* HomeDetailViewController.m */; };
		575D19D21AF5548400EA5247 /* MapKit.framework in Frameworks */ = {isa = PBXBuildFile; fileRef = 575D19D11AF5548400EA5247 /* MapKit.framework */; };
		575D19D51AF58BFB00EA5247 /* SettingsViewController.swift in Sources */ = {isa = PBXBuildFile; fileRef = 575D19D41AF58BFB00EA5247 /* SettingsViewController.swift */; };
		575D19D81AF58C7800EA5247 /* StatusObject.m in Sources */ = {isa = PBXBuildFile; fileRef = 575D19D71AF58C7800EA5247 /* StatusObject.m */; };
		575D19DB1AF5BE5E00EA5247 /* EventKit.framework in Frameworks */ = {isa = PBXBuildFile; fileRef = 575D19D91AF5BE5E00EA5247 /* EventKit.framework */; };
		575D19DC1AF5BE5E00EA5247 /* EventKitUI.framework in Frameworks */ = {isa = PBXBuildFile; fileRef = 575D19DA1AF5BE5E00EA5247 /* EventKitUI.framework */; };
		575D19E21AF5C40B00EA5247 /* NewRecipeViewController.m in Sources */ = {isa = PBXBuildFile; fileRef = 575D19E11AF5C40B00EA5247 /* NewRecipeViewController.m */; };
		575D19E41AF5C42D00EA5247 /* Social.framework in Frameworks */ = {isa = PBXBuildFile; fileRef = 575D19E31AF5C42D00EA5247 /* Social.framework */; };
		575D19E61AF5C43800EA5247 /* Accounts.framework in Frameworks */ = {isa = PBXBuildFile; fileRef = 575D19E51AF5C43800EA5247 /* Accounts.framework */; };
		575D19E91AF5D28700EA5247 /* WebViewController.m in Sources */ = {isa = PBXBuildFile; fileRef = 575D19E81AF5D28700EA5247 /* WebViewController.m */; };
		575D1A061AF6509700EA5247 /* LoginViewController.m in Sources */ = {isa = PBXBuildFile; fileRef = 575D1A021AF6509700EA5247 /* LoginViewController.m */; };
		575D1A071AF6509700EA5247 /* SignupViewController.m in Sources */ = {isa = PBXBuildFile; fileRef = 575D1A031AF6509700EA5247 /* SignupViewController.m */; };
/* End PBXBuildFile section */

/* Begin PBXContainerItemProxy section */
		575D19A01AF5400E00EA5247 /* PBXContainerItemProxy */ = {
			isa = PBXContainerItemProxy;
			containerPortal = 575D197E1AF5400E00EA5247 /* Project object */;
			proxyType = 1;
			remoteGlobalIDString = 575D19851AF5400E00EA5247;
			remoteInfo = TCD;
		};
/* End PBXContainerItemProxy section */

/* Begin PBXFileReference section */
		228223110C2370D9D1CCDB0F /* libPods.a */ = {isa = PBXFileReference; explicitFileType = archive.ar; includeInIndex = 0; path = libPods.a; sourceTree = BUILT_PRODUCTS_DIR; };
		575D19861AF5400E00EA5247 /* TCD.app */ = {isa = PBXFileReference; explicitFileType = wrapper.application; includeInIndex = 0; path = TCD.app; sourceTree = BUILT_PRODUCTS_DIR; };
		575D198A1AF5400E00EA5247 /* Info.plist */ = {isa = PBXFileReference; lastKnownFileType = text.plist.xml; path = Info.plist; sourceTree = "<group>"; };
		575D198B1AF5400E00EA5247 /* main.m */ = {isa = PBXFileReference; lastKnownFileType = sourcecode.c.objc; path = main.m; sourceTree = "<group>"; };
		575D198D1AF5400E00EA5247 /* AppDelegate.h */ = {isa = PBXFileReference; lastKnownFileType = sourcecode.c.h; path = AppDelegate.h; sourceTree = "<group>"; };
		575D198E1AF5400E00EA5247 /* AppDelegate.m */ = {isa = PBXFileReference; lastKnownFileType = sourcecode.c.objc; path = AppDelegate.m; sourceTree = "<group>"; };
		575D19901AF5400E00EA5247 /* ViewController.h */ = {isa = PBXFileReference; lastKnownFileType = sourcecode.c.h; path = ViewController.h; sourceTree = "<group>"; };
		575D19911AF5400E00EA5247 /* ViewController.m */ = {isa = PBXFileReference; lastKnownFileType = sourcecode.c.objc; path = ViewController.m; sourceTree = "<group>"; };
		575D19941AF5400E00EA5247 /* Base */ = {isa = PBXFileReference; lastKnownFileType = file.storyboard; name = Base; path = Base.lproj/Main.storyboard; sourceTree = "<group>"; };
		575D19961AF5400E00EA5247 /* Images.xcassets */ = {isa = PBXFileReference; lastKnownFileType = folder.assetcatalog; path = Images.xcassets; sourceTree = "<group>"; };
		575D19991AF5400E00EA5247 /* Base */ = {isa = PBXFileReference; lastKnownFileType = file.xib; name = Base; path = Base.lproj/LaunchScreen.xib; sourceTree = "<group>"; };
		575D199F1AF5400E00EA5247 /* TCDTests.xctest */ = {isa = PBXFileReference; explicitFileType = wrapper.cfbundle; includeInIndex = 0; path = TCDTests.xctest; sourceTree = BUILT_PRODUCTS_DIR; };
		575D19A41AF5400E00EA5247 /* Info.plist */ = {isa = PBXFileReference; lastKnownFileType = text.plist.xml; path = Info.plist; sourceTree = "<group>"; };
		575D19A51AF5400E00EA5247 /* TCDTests.m */ = {isa = PBXFileReference; lastKnownFileType = sourcecode.c.objc; path = TCDTests.m; sourceTree = "<group>"; };
		575D19AF1AF540B800EA5247 /* AudioToolbox.framework */ = {isa = PBXFileReference; lastKnownFileType = wrapper.framework; name = AudioToolbox.framework; path = System/Library/Frameworks/AudioToolbox.framework; sourceTree = SDKROOT; };
		575D19B11AF540C100EA5247 /* CFNetwork.framework */ = {isa = PBXFileReference; lastKnownFileType = wrapper.framework; name = CFNetwork.framework; path = System/Library/Frameworks/CFNetwork.framework; sourceTree = SDKROOT; };
		575D19B31AF540C700EA5247 /* CoreGraphics.framework */ = {isa = PBXFileReference; lastKnownFileType = wrapper.framework; name = CoreGraphics.framework; path = System/Library/Frameworks/CoreGraphics.framework; sourceTree = SDKROOT; };
		575D19B51AF540EB00EA5247 /* CoreLocation.framework */ = {isa = PBXFileReference; lastKnownFileType = wrapper.framework; name = CoreLocation.framework; path = System/Library/Frameworks/CoreLocation.framework; sourceTree = SDKROOT; };
		575D19B71AF540FB00EA5247 /* libz.1.1.3.dylib */ = {isa = PBXFileReference; lastKnownFileType = "compiled.mach-o.dylib"; name = libz.1.1.3.dylib; path = usr/lib/libz.1.1.3.dylib; sourceTree = SDKROOT; };
		575D19B91AF5410300EA5247 /* MobileCoreServices.framework */ = {isa = PBXFileReference; lastKnownFileType = wrapper.framework; name = MobileCoreServices.framework; path = System/Library/Frameworks/MobileCoreServices.framework; sourceTree = SDKROOT; };
		575D19BB1AF5411200EA5247 /* QuartzCore.framework */ = {isa = PBXFileReference; lastKnownFileType = wrapper.framework; name = QuartzCore.framework; path = System/Library/Frameworks/QuartzCore.framework; sourceTree = SDKROOT; };
		575D19BD1AF5411700EA5247 /* Security.framework */ = {isa = PBXFileReference; lastKnownFileType = wrapper.framework; name = Security.framework; path = System/Library/Frameworks/Security.framework; sourceTree = SDKROOT; };
		575D19BF1AF5411D00EA5247 /* SystemConfiguration.framework */ = {isa = PBXFileReference; lastKnownFileType = wrapper.framework; name = SystemConfiguration.framework; path = System/Library/Frameworks/SystemConfiguration.framework; sourceTree = SDKROOT; };
		575D19C11AF5413100EA5247 /* StoreKit.framework */ = {isa = PBXFileReference; lastKnownFileType = wrapper.framework; name = StoreKit.framework; path = System/Library/Frameworks/StoreKit.framework; sourceTree = SDKROOT; };
		575D19C31AF5413A00EA5247 /* Bolts.framework */ = {isa = PBXFileReference; lastKnownFileType = wrapper.framework; name = Bolts.framework; path = "../parse-library-1-5/Bolts.framework"; sourceTree = "<group>"; };
		575D19C51AF5414700EA5247 /* Parse.framework */ = {isa = PBXFileReference; lastKnownFileType = wrapper.framework; name = Parse.framework; path = "../parse-library-1-5/Parse.framework"; sourceTree = "<group>"; };
		575D19C71AF541C900EA5247 /* HomeTableViewController.h */ = {isa = PBXFileReference; fileEncoding = 4; lastKnownFileType = sourcecode.c.h; path = HomeTableViewController.h; sourceTree = "<group>"; };
		575D19C81AF541C900EA5247 /* HomeTableViewController.m */ = {isa = PBXFileReference; fileEncoding = 4; lastKnownFileType = sourcecode.c.objc; path = HomeTableViewController.m; sourceTree = "<group>"; };
		575D19CA1AF541F800EA5247 /* ParseUI.framework */ = {isa = PBXFileReference; lastKnownFileType = wrapper.framework; name = ParseUI.framework; path = "../parse-library-1-5/ParseUI.framework"; sourceTree = "<group>"; };
		575D19CC1AF5436200EA5247 /* libsqlite3.dylib */ = {isa = PBXFileReference; lastKnownFileType = "compiled.mach-o.dylib"; name = libsqlite3.dylib; path = usr/lib/libsqlite3.dylib; sourceTree = SDKROOT; };
		575D19CE1AF551FD00EA5247 /* HomeDetailViewController.h */ = {isa = PBXFileReference; fileEncoding = 4; lastKnownFileType = sourcecode.c.h; path = HomeDetailViewController.h; sourceTree = "<group>"; };
		575D19CF1AF551FD00EA5247 /* HomeDetailViewController.m */ = {isa = PBXFileReference; fileEncoding = 4; lastKnownFileType = sourcecode.c.objc; path = HomeDetailViewController.m; sourceTree = "<group>"; };
		575D19D11AF5548400EA5247 /* MapKit.framework */ = {isa = PBXFileReference; lastKnownFileType = wrapper.framework; name = MapKit.framework; path = System/Library/Frameworks/MapKit.framework; sourceTree = SDKROOT; };
		575D19D31AF58BFA00EA5247 /* TCD-Bridging-Header.h */ = {isa = PBXFileReference; lastKnownFileType = sourcecode.c.h; path = "TCD-Bridging-Header.h"; sourceTree = "<group>"; };
		575D19D41AF58BFB00EA5247 /* SettingsViewController.swift */ = {isa = PBXFileReference; fileEncoding = 4; lastKnownFileType = sourcecode.swift; path = SettingsViewController.swift; sourceTree = "<group>"; };
		575D19D61AF58C7800EA5247 /* StatusObject.h */ = {isa = PBXFileReference; fileEncoding = 4; lastKnownFileType = sourcecode.c.h; path = StatusObject.h; sourceTree = "<group>"; };
		575D19D71AF58C7800EA5247 /* StatusObject.m */ = {isa = PBXFileReference; fileEncoding = 4; lastKnownFileType = sourcecode.c.objc; path = StatusObject.m; sourceTree = "<group>"; };
		575D19D91AF5BE5E00EA5247 /* EventKit.framework */ = {isa = PBXFileReference; lastKnownFileType = wrapper.framework; name = EventKit.framework; path = System/Library/Frameworks/EventKit.framework; sourceTree = SDKROOT; };
		575D19DA1AF5BE5E00EA5247 /* EventKitUI.framework */ = {isa = PBXFileReference; lastKnownFileType = wrapper.framework; name = EventKitUI.framework; path = System/Library/Frameworks/EventKitUI.framework; sourceTree = SDKROOT; };
		575D19E01AF5C40B00EA5247 /* NewRecipeViewController.h */ = {isa = PBXFileReference; fileEncoding = 4; lastKnownFileType = sourcecode.c.h; path = NewRecipeViewController.h; sourceTree = "<group>"; };
		575D19E11AF5C40B00EA5247 /* NewRecipeViewController.m */ = {isa = PBXFileReference; fileEncoding = 4; lastKnownFileType = sourcecode.c.objc; path = NewRecipeViewController.m; sourceTree = "<group>"; };
		575D19E31AF5C42D00EA5247 /* Social.framework */ = {isa = PBXFileReference; lastKnownFileType = wrapper.framework; name = Social.framework; path = System/Library/Frameworks/Social.framework; sourceTree = SDKROOT; };
		575D19E51AF5C43800EA5247 /* Accounts.framework */ = {isa = PBXFileReference; lastKnownFileType = wrapper.framework; name = Accounts.framework; path = System/Library/Frameworks/Accounts.framework; sourceTree = SDKROOT; };
		575D19E71AF5D28700EA5247 /* WebViewController.h */ = {isa = PBXFileReference; fileEncoding = 4; lastKnownFileType = sourcecode.c.h; path = WebViewController.h; sourceTree = "<group>"; };
		575D19E81AF5D28700EA5247 /* WebViewController.m */ = {isa = PBXFileReference; fileEncoding = 4; lastKnownFileType = sourcecode.c.objc; path = WebViewController.m; sourceTree = "<group>"; };
		575D1A021AF6509700EA5247 /* LoginViewController.m */ = {isa = PBXFileReference; fileEncoding = 4; lastKnownFileType = sourcecode.c.objc; name = LoginViewController.m; path = ../../LoginViewController.m; sourceTree = "<group>"; };
		575D1A031AF6509700EA5247 /* SignupViewController.m */ = {isa = PBXFileReference; fileEncoding = 4; lastKnownFileType = sourcecode.c.objc; name = SignupViewController.m; path = ../../SignupViewController.m; sourceTree = "<group>"; };
		575D1A041AF6509700EA5247 /* SignupViewController.h */ = {isa = PBXFileReference; fileEncoding = 4; lastKnownFileType = sourcecode.c.h; name = SignupViewController.h; path = ../../SignupViewController.h; sourceTree = "<group>"; };
		575D1A051AF6509700EA5247 /* LoginViewController.h */ = {isa = PBXFileReference; fileEncoding = 4; lastKnownFileType = sourcecode.c.h; name = LoginViewController.h; path = ../../LoginViewController.h; sourceTree = "<group>"; };
		C697D0A0F73CBE7F05396030 /* Pods.debug.xcconfig */ = {isa = PBXFileReference; includeInIndex = 1; lastKnownFileType = text.xcconfig; name = Pods.debug.xcconfig; path = "Pods/Target Support Files/Pods/Pods.debug.xcconfig"; sourceTree = "<group>"; };
		E6281D7AB15008CB70B569D1 /* Pods.release.xcconfig */ = {isa = PBXFileReference; includeInIndex = 1; lastKnownFileType = text.xcconfig; name = Pods.release.xcconfig; path = "Pods/Target Support Files/Pods/Pods.release.xcconfig"; sourceTree = "<group>"; };
/* End PBXFileReference section */

/* Begin PBXFrameworksBuildPhase section */
		575D19831AF5400E00EA5247 /* Frameworks */ = {
			isa = PBXFrameworksBuildPhase;
			buildActionMask = 2147483647;
			files = (
				575D19E61AF5C43800EA5247 /* Accounts.framework in Frameworks */,
				575D19E41AF5C42D00EA5247 /* Social.framework in Frameworks */,
				575D19DB1AF5BE5E00EA5247 /* EventKit.framework in Frameworks */,
				575D19DC1AF5BE5E00EA5247 /* EventKitUI.framework in Frameworks */,
				575D19CD1AF5436200EA5247 /* libsqlite3.dylib in Frameworks */,
				575D19CB1AF541F800EA5247 /* ParseUI.framework in Frameworks */,
				575D19C61AF5414700EA5247 /* Parse.framework in Frameworks */,
				575D19C41AF5413A00EA5247 /* Bolts.framework in Frameworks */,
				575D19C21AF5413100EA5247 /* StoreKit.framework in Frameworks */,
				575D19BE1AF5411700EA5247 /* Security.framework in Frameworks */,
				575D19C01AF5411D00EA5247 /* SystemConfiguration.framework in Frameworks */,
				575D19D21AF5548400EA5247 /* MapKit.framework in Frameworks */,
				575D19BC1AF5411200EA5247 /* QuartzCore.framework in Frameworks */,
				575D19BA1AF5410300EA5247 /* MobileCoreServices.framework in Frameworks */,
				575D19B81AF540FB00EA5247 /* libz.1.1.3.dylib in Frameworks */,
				575D19B61AF540EB00EA5247 /* CoreLocation.framework in Frameworks */,
				575D19B41AF540C700EA5247 /* CoreGraphics.framework in Frameworks */,
				575D19B21AF540C100EA5247 /* CFNetwork.framework in Frameworks */,
				575D19B01AF540B800EA5247 /* AudioToolbox.framework in Frameworks */,
				54191C8B4069D6B94223E323 /* libPods.a in Frameworks */,
			);
			runOnlyForDeploymentPostprocessing = 0;
		};
		575D199C1AF5400E00EA5247 /* Frameworks */ = {
			isa = PBXFrameworksBuildPhase;
			buildActionMask = 2147483647;
			files = (
			);
			runOnlyForDeploymentPostprocessing = 0;
		};
/* End PBXFrameworksBuildPhase section */

/* Begin PBXGroup section */
		407ED7E82448A8211ADF9FFC /* Pods */ = {
			isa = PBXGroup;
			children = (
				C697D0A0F73CBE7F05396030 /* Pods.debug.xcconfig */,
				E6281D7AB15008CB70B569D1 /* Pods.release.xcconfig */,
			);
			name = Pods;
			sourceTree = "<group>";
		};
		412BBC6111B50F26D81F9FFC /* Frameworks */ = {
			isa = PBXGroup;
			children = (
				575D19E51AF5C43800EA5247 /* Accounts.framework */,
				575D19E31AF5C42D00EA5247 /* Social.framework */,
				228223110C2370D9D1CCDB0F /* libPods.a */,
			);
			name = Frameworks;
			sourceTree = "<group>";
		};
		575D197D1AF5400E00EA5247 = {
			isa = PBXGroup;
			children = (
				575D19D91AF5BE5E00EA5247 /* EventKit.framework */,
				575D19DA1AF5BE5E00EA5247 /* EventKitUI.framework */,
				575D19D11AF5548400EA5247 /* MapKit.framework */,
				575D19CC1AF5436200EA5247 /* libsqlite3.dylib */,
				575D19CA1AF541F800EA5247 /* ParseUI.framework */,
				575D19C51AF5414700EA5247 /* Parse.framework */,
				575D19C31AF5413A00EA5247 /* Bolts.framework */,
				575D19C11AF5413100EA5247 /* StoreKit.framework */,
				575D19BF1AF5411D00EA5247 /* SystemConfiguration.framework */,
				575D19BD1AF5411700EA5247 /* Security.framework */,
				575D19BB1AF5411200EA5247 /* QuartzCore.framework */,
				575D19B91AF5410300EA5247 /* MobileCoreServices.framework */,
				575D19B71AF540FB00EA5247 /* libz.1.1.3.dylib */,
				575D19B51AF540EB00EA5247 /* CoreLocation.framework */,
				575D19B31AF540C700EA5247 /* CoreGraphics.framework */,
				575D19B11AF540C100EA5247 /* CFNetwork.framework */,
				575D19AF1AF540B800EA5247 /* AudioToolbox.framework */,
				575D19881AF5400E00EA5247 /* TCD */,
				575D19A21AF5400E00EA5247 /* TCDTests */,
				575D19871AF5400E00EA5247 /* Products */,
				407ED7E82448A8211ADF9FFC /* Pods */,
				412BBC6111B50F26D81F9FFC /* Frameworks */,
			);
			sourceTree = "<group>";
		};
		575D19871AF5400E00EA5247 /* Products */ = {
			isa = PBXGroup;
			children = (
				575D19861AF5400E00EA5247 /* TCD.app */,
				575D199F1AF5400E00EA5247 /* TCDTests.xctest */,
			);
			name = Products;
			sourceTree = "<group>";
		};
		575D19881AF5400E00EA5247 /* TCD */ = {
			isa = PBXGroup;
			children = (
				575D1A0D1AF6554700EA5247 /* New Event */,
				575D1A0C1AF6553E00EA5247 /* Objects */,
				575D1A0B1AF6553200EA5247 /* Home View */,
				575D1A0A1AF6552800EA5247 /* Settings */,
				575D1A091AF6551100EA5247 /* App Delegate */,
				575D1A081AF654FF00EA5247 /* User Creation */,
				575D19931AF5400E00EA5247 /* Main.storyboard */,
				575D19961AF5400E00EA5247 /* Images.xcassets */,
				575D19E71AF5D28700EA5247 /* WebViewController.h */,
				575D19E81AF5D28700EA5247 /* WebViewController.m */,
				575D19981AF5400E00EA5247 /* LaunchScreen.xib */,
				575D19891AF5400E00EA5247 /* Supporting Files */,
				575D19D31AF58BFA00EA5247 /* TCD-Bridging-Header.h */,
			);
			path = TCD;
			sourceTree = "<group>";
		};
		575D19891AF5400E00EA5247 /* Supporting Files */ = {
			isa = PBXGroup;
			children = (
				575D198A1AF5400E00EA5247 /* Info.plist */,
				575D198B1AF5400E00EA5247 /* main.m */,
			);
			name = "Supporting Files";
			sourceTree = "<group>";
		};
		575D19A21AF5400E00EA5247 /* TCDTests */ = {
			isa = PBXGroup;
			children = (
				575D19A51AF5400E00EA5247 /* TCDTests.m */,
				575D19A31AF5400E00EA5247 /* Supporting Files */,
			);
			path = TCDTests;
			sourceTree = "<group>";
		};
		575D19A31AF5400E00EA5247 /* Supporting Files */ = {
			isa = PBXGroup;
			children = (
				575D19A41AF5400E00EA5247 /* Info.plist */,
			);
			name = "Supporting Files";
			sourceTree = "<group>";
		};
		575D1A081AF654FF00EA5247 /* User Creation */ = {
			isa = PBXGroup;
			children = (
				575D1A021AF6509700EA5247 /* LoginViewController.m */,
				575D1A031AF6509700EA5247 /* SignupViewController.m */,
				575D1A041AF6509700EA5247 /* SignupViewController.h */,
				575D1A051AF6509700EA5247 /* LoginViewController.h */,
			);
			name = "User Creation";
			sourceTree = "<group>";
		};
		575D1A091AF6551100EA5247 /* App Delegate */ = {
			isa = PBXGroup;
			children = (
				575D198D1AF5400E00EA5247 /* AppDelegate.h */,
				575D198E1AF5400E00EA5247 /* AppDelegate.m */,
			);
			name = "App Delegate";
			sourceTree = "<group>";
		};
		575D1A0A1AF6552800EA5247 /* Settings */ = {
			isa = PBXGroup;
			children = (
				575D19D41AF58BFB00EA5247 /* SettingsViewController.swift */,
			);
			name = Settings;
			sourceTree = "<group>";
		};
		575D1A0B1AF6553200EA5247 /* Home View */ = {
			isa = PBXGroup;
			children = (
				575D19C71AF541C900EA5247 /* HomeTableViewController.h */,
				575D19C81AF541C900EA5247 /* HomeTableViewController.m */,
				575D19CE1AF551FD00EA5247 /* HomeDetailViewController.h */,
				575D19CF1AF551FD00EA5247 /* HomeDetailViewController.m */,
			);
			name = "Home View";
			sourceTree = "<group>";
		};
		575D1A0C1AF6553E00EA5247 /* Objects */ = {
			isa = PBXGroup;
			children = (
				575D19901AF5400E00EA5247 /* ViewController.h */,
				575D19911AF5400E00EA5247 /* ViewController.m */,
				575D19D61AF58C7800EA5247 /* StatusObject.h */,
				575D19D71AF58C7800EA5247 /* StatusObject.m */,
			);
			name = Objects;
			sourceTree = "<group>";
		};
		575D1A0D1AF6554700EA5247 /* New Event */ = {
			isa = PBXGroup;
			children = (
				575D19E01AF5C40B00EA5247 /* NewRecipeViewController.h */,
				575D19E11AF5C40B00EA5247 /* NewRecipeViewController.m */,
			);
			name = "New Event";
			sourceTree = "<group>";
		};
/* End PBXGroup section */

/* Begin PBXNativeTarget section */
		575D19851AF5400E00EA5247 /* TCD */ = {
			isa = PBXNativeTarget;
			buildConfigurationList = 575D19A91AF5400E00EA5247 /* Build configuration list for PBXNativeTarget "TCD" */;
			buildPhases = (
				875E55061816727CA8356E04 /* Check Pods Manifest.lock */,
				575D19821AF5400E00EA5247 /* Sources */,
				575D19831AF5400E00EA5247 /* Frameworks */,
				575D19841AF5400E00EA5247 /* Resources */,
				B82F176BF8794B819EAAB989 /* Copy Pods Resources */,
			);
			buildRules = (
			);
			dependencies = (
			);
			name = TCD;
			productName = TCD;
			productReference = 575D19861AF5400E00EA5247 /* TCD.app */;
			productType = "com.apple.product-type.application";
		};
		575D199E1AF5400E00EA5247 /* TCDTests */ = {
			isa = PBXNativeTarget;
			buildConfigurationList = 575D19AC1AF5400E00EA5247 /* Build configuration list for PBXNativeTarget "TCDTests" */;
			buildPhases = (
				575D199B1AF5400E00EA5247 /* Sources */,
				575D199C1AF5400E00EA5247 /* Frameworks */,
				575D199D1AF5400E00EA5247 /* Resources */,
			);
			buildRules = (
			);
			dependencies = (
				575D19A11AF5400E00EA5247 /* PBXTargetDependency */,
			);
			name = TCDTests;
			productName = TCDTests;
			productReference = 575D199F1AF5400E00EA5247 /* TCDTests.xctest */;
			productType = "com.apple.product-type.bundle.unit-test";
		};
/* End PBXNativeTarget section */

/* Begin PBXProject section */
		575D197E1AF5400E00EA5247 /* Project object */ = {
			isa = PBXProject;
			attributes = {
				LastUpgradeCheck = 0630;
				ORGANIZATIONNAME = "Gregg Mojica";
				TargetAttributes = {
					575D19851AF5400E00EA5247 = {
						CreatedOnToolsVersion = 6.3.1;
						SystemCapabilities = {
							com.apple.Maps.iOS = {
								enabled = 1;
							};
						};
					};
					575D199E1AF5400E00EA5247 = {
						CreatedOnToolsVersion = 6.3.1;
						TestTargetID = 575D19851AF5400E00EA5247;
					};
				};
			};
			buildConfigurationList = 575D19811AF5400E00EA5247 /* Build configuration list for PBXProject "TCD" */;
			compatibilityVersion = "Xcode 3.2";
			developmentRegion = English;
			hasScannedForEncodings = 0;
			knownRegions = (
				en,
				Base,
			);
			mainGroup = 575D197D1AF5400E00EA5247;
			productRefGroup = 575D19871AF5400E00EA5247 /* Products */;
			projectDirPath = "";
			projectRoot = "";
			targets = (
				575D19851AF5400E00EA5247 /* TCD */,
				575D199E1AF5400E00EA5247 /* TCDTests */,
			);
		};
/* End PBXProject section */

/* Begin PBXResourcesBuildPhase section */
		575D19841AF5400E00EA5247 /* Resources */ = {
			isa = PBXResourcesBuildPhase;
			buildActionMask = 2147483647;
			files = (
				575D19951AF5400E00EA5247 /* Main.storyboard in Resources */,
				575D199A1AF5400E00EA5247 /* LaunchScreen.xib in Resources */,
				575D19971AF5400E00EA5247 /* Images.xcassets in Resources */,
			);
			runOnlyForDeploymentPostprocessing = 0;
		};
		575D199D1AF5400E00EA5247 /* Resources */ = {
			isa = PBXResourcesBuildPhase;
			buildActionMask = 2147483647;
			files = (
			);
			runOnlyForDeploymentPostprocessing = 0;
		};
/* End PBXResourcesBuildPhase section */

/* Begin PBXShellScriptBuildPhase section */
		875E55061816727CA8356E04 /* Check Pods Manifest.lock */ = {
			isa = PBXShellScriptBuildPhase;
			buildActionMask = 2147483647;
			files = (
			);
			inputPaths = (
			);
			name = "Check Pods Manifest.lock";
			outputPaths = (
			);
			runOnlyForDeploymentPostprocessing = 0;
			shellPath = /bin/sh;
			shellScript = "diff \"${PODS_ROOT}/../Podfile.lock\" \"${PODS_ROOT}/Manifest.lock\" > /dev/null\nif [[ $? != 0 ]] ; then\n    cat << EOM\nerror: The sandbox is not in sync with the Podfile.lock. Run 'pod install' or update your CocoaPods installation.\nEOM\n    exit 1\nfi\n";
			showEnvVarsInLog = 0;
		};
		B82F176BF8794B819EAAB989 /* Copy Pods Resources */ = {
			isa = PBXShellScriptBuildPhase;
			buildActionMask = 2147483647;
			files = (
			);
			inputPaths = (
			);
			name = "Copy Pods Resources";
			outputPaths = (
			);
			runOnlyForDeploymentPostprocessing = 0;
			shellPath = /bin/sh;
			shellScript = "\"${SRCROOT}/Pods/Target Support Files/Pods/Pods-resources.sh\"\n";
			showEnvVarsInLog = 0;
		};
/* End PBXShellScriptBuildPhase section */

/* Begin PBXSourcesBuildPhase section */
		575D19821AF5400E00EA5247 /* Sources */ = {
			isa = PBXSourcesBuildPhase;
			buildActionMask = 2147483647;
			files = (
				575D19C91AF541C900EA5247 /* HomeTableViewController.m in Sources */,
				575D19921AF5400E00EA5247 /* ViewController.m in Sources */,
				575D19D81AF58C7800EA5247 /* StatusObject.m in Sources */,
				575D198F1AF5400E00EA5247 /* AppDelegate.m in Sources */,
				575D1A071AF6509700EA5247 /* SignupViewController.m in Sources */,
				575D1A061AF6509700EA5247 /* LoginViewController.m in Sources */,
				575D19E91AF5D28700EA5247 /* WebViewController.m in Sources */,
				575D19D01AF551FD00EA5247 /* HomeDetailViewController.m in Sources */,
				575D198C1AF5400E00EA5247 /* main.m in Sources */,
				575D19E21AF5C40B00EA5247 /* NewRecipeViewController.m in Sources */,
				575D19D51AF58BFB00EA5247 /* SettingsViewController.swift in Sources */,
			);
			runOnlyForDeploymentPostprocessing = 0;
		};
		575D199B1AF5400E00EA5247 /* Sources */ = {
			isa = PBXSourcesBuildPhase;
			buildActionMask = 2147483647;
			files = (
				575D19A61AF5400E00EA5247 /* TCDTests.m in Sources */,
			);
			runOnlyForDeploymentPostprocessing = 0;
		};
/* End PBXSourcesBuildPhase section */

/* Begin PBXTargetDependency section */
		575D19A11AF5400E00EA5247 /* PBXTargetDependency */ = {
			isa = PBXTargetDependency;
			target = 575D19851AF5400E00EA5247 /* TCD */;
			targetProxy = 575D19A01AF5400E00EA5247 /* PBXContainerItemProxy */;
		};
/* End PBXTargetDependency section */

/* Begin PBXVariantGroup section */
		575D19931AF5400E00EA5247 /* Main.storyboard */ = {
			isa = PBXVariantGroup;
			children = (
				575D19941AF5400E00EA5247 /* Base */,
			);
			name = Main.storyboard;
			sourceTree = "<group>";
		};
		575D19981AF5400E00EA5247 /* LaunchScreen.xib */ = {
			isa = PBXVariantGroup;
			children = (
				575D19991AF5400E00EA5247 /* Base */,
			);
			name = LaunchScreen.xib;
			sourceTree = "<group>";
		};
/* End PBXVariantGroup section */

/* Begin XCBuildConfiguration section */
		575D19A71AF5400E00EA5247 /* Debug */ = {
			isa = XCBuildConfiguration;
			buildSettings = {
				ALWAYS_SEARCH_USER_PATHS = NO;
				CLANG_CXX_LANGUAGE_STANDARD = "gnu++0x";
				CLANG_CXX_LIBRARY = "libc++";
				CLANG_ENABLE_MODULES = YES;
				CLANG_ENABLE_OBJC_ARC = YES;
				CLANG_WARN_BOOL_CONVERSION = YES;
				CLANG_WARN_CONSTANT_CONVERSION = YES;
				CLANG_WARN_DIRECT_OBJC_ISA_USAGE = YES_ERROR;
				CLANG_WARN_EMPTY_BODY = YES;
				CLANG_WARN_ENUM_CONVERSION = YES;
				CLANG_WARN_INT_CONVERSION = YES;
				CLANG_WARN_OBJC_ROOT_CLASS = YES_ERROR;
				CLANG_WARN_UNREACHABLE_CODE = YES;
				CLANG_WARN__DUPLICATE_METHOD_MATCH = YES;
				"CODE_SIGN_IDENTITY[sdk=iphoneos*]" = "iPhone Developer";
				COPY_PHASE_STRIP = NO;
				DEBUG_INFORMATION_FORMAT = "dwarf-with-dsym";
				ENABLE_STRICT_OBJC_MSGSEND = YES;
				GCC_C_LANGUAGE_STANDARD = gnu99;
				GCC_DYNAMIC_NO_PIC = NO;
				GCC_NO_COMMON_BLOCKS = YES;
				GCC_OPTIMIZATION_LEVEL = 0;
				GCC_PREPROCESSOR_DEFINITIONS = (
					"DEBUG=1",
					"$(inherited)",
				);
				GCC_SYMBOLS_PRIVATE_EXTERN = NO;
				GCC_WARN_64_TO_32_BIT_CONVERSION = YES;
				GCC_WARN_ABOUT_RETURN_TYPE = YES_ERROR;
				GCC_WARN_UNDECLARED_SELECTOR = YES;
				GCC_WARN_UNINITIALIZED_AUTOS = YES_AGGRESSIVE;
				GCC_WARN_UNUSED_FUNCTION = YES;
				GCC_WARN_UNUSED_VARIABLE = YES;
				IPHONEOS_DEPLOYMENT_TARGET = 8.3;
				MTL_ENABLE_DEBUG_INFO = YES;
				ONLY_ACTIVE_ARCH = YES;
				SDKROOT = iphoneos;
			};
			name = Debug;
		};
		575D19A81AF5400E00EA5247 /* Release */ = {
			isa = XCBuildConfiguration;
			buildSettings = {
				ALWAYS_SEARCH_USER_PATHS = NO;
				CLANG_CXX_LANGUAGE_STANDARD = "gnu++0x";
				CLANG_CXX_LIBRARY = "libc++";
				CLANG_ENABLE_MODULES = YES;
				CLANG_ENABLE_OBJC_ARC = YES;
				CLANG_WARN_BOOL_CONVERSION = YES;
				CLANG_WARN_CONSTANT_CONVERSION = YES;
				CLANG_WARN_DIRECT_OBJC_ISA_USAGE = YES_ERROR;
				CLANG_WARN_EMPTY_BODY = YES;
				CLANG_WARN_ENUM_CONVERSION = YES;
				CLANG_WARN_INT_CONVERSION = YES;
				CLANG_WARN_OBJC_ROOT_CLASS = YES_ERROR;
				CLANG_WARN_UNREACHABLE_CODE = YES;
				CLANG_WARN__DUPLICATE_METHOD_MATCH = YES;
				"CODE_SIGN_IDENTITY[sdk=iphoneos*]" = "iPhone Developer";
				COPY_PHASE_STRIP = NO;
				DEBUG_INFORMATION_FORMAT = "dwarf-with-dsym";
				ENABLE_NS_ASSERTIONS = NO;
				ENABLE_STRICT_OBJC_MSGSEND = YES;
				GCC_C_LANGUAGE_STANDARD = gnu99;
				GCC_NO_COMMON_BLOCKS = YES;
				GCC_WARN_64_TO_32_BIT_CONVERSION = YES;
				GCC_WARN_ABOUT_RETURN_TYPE = YES_ERROR;
				GCC_WARN_UNDECLARED_SELECTOR = YES;
				GCC_WARN_UNINITIALIZED_AUTOS = YES_AGGRESSIVE;
				GCC_WARN_UNUSED_FUNCTION = YES;
				GCC_WARN_UNUSED_VARIABLE = YES;
				IPHONEOS_DEPLOYMENT_TARGET = 8.3;
				MTL_ENABLE_DEBUG_INFO = NO;
				SDKROOT = iphoneos;
				VALIDATE_PRODUCT = YES;
			};
			name = Release;
		};
		575D19AA1AF5400E00EA5247 /* Debug */ = {
			isa = XCBuildConfiguration;
			baseConfigurationReference = C697D0A0F73CBE7F05396030 /* Pods.debug.xcconfig */;
			buildSettings = {
				ASSETCATALOG_COMPILER_APPICON_NAME = AppIcon;
				CLANG_ENABLE_MODULES = YES;
				FRAMEWORK_SEARCH_PATHS = (
					"$(inherited)",
					"/Users/Gregg/Desktop/parse-library-1-5",
					"/Users/ZachWild/Desktop/parse-library-1",
				);
				INFOPLIST_FILE = TCD/Info.plist;
				LD_RUNPATH_SEARCH_PATHS = "$(inherited) @executable_path/Frameworks";
				PRODUCT_NAME = "$(TARGET_NAME)";
				SWIFT_OBJC_BRIDGING_HEADER = "TCD/TCD-Bridging-Header.h";
				SWIFT_OPTIMIZATION_LEVEL = "-Onone";
				TARGETED_DEVICE_FAMILY = "1,2";
			};
			name = Debug;
		};
		575D19AB1AF5400E00EA5247 /* Release */ = {
			isa = XCBuildConfiguration;
			baseConfigurationReference = E6281D7AB15008CB70B569D1 /* Pods.release.xcconfig */;
			buildSettings = {
				ASSETCATALOG_COMPILER_APPICON_NAME = AppIcon;
				CLANG_ENABLE_MODULES = YES;
				FRAMEWORK_SEARCH_PATHS = (
					"$(inherited)",
					"/Users/Gregg/Desktop/parse-library-1-5",
					"/Users/ZachWild/Desktop/parse-library-1",
				);
				INFOPLIST_FILE = TCD/Info.plist;
				LD_RUNPATH_SEARCH_PATHS = "$(inherited) @executable_path/Frameworks";
				PRODUCT_NAME = "$(TARGET_NAME)";
				SWIFT_OBJC_BRIDGING_HEADER = "TCD/TCD-Bridging-Header.h";
				TARGETED_DEVICE_FAMILY = "1,2";
			};
			name = Release;
		};
		575D19AD1AF5400E00EA5247 /* Debug */ = {
			isa = XCBuildConfiguration;
			buildSettings = {
				BUNDLE_LOADER = "$(TEST_HOST)";
				FRAMEWORK_SEARCH_PATHS = (
					"$(SDKROOT)/Developer/Library/Frameworks",
					"$(inherited)",
				);
				GCC_PREPROCESSOR_DEFINITIONS = (
					"DEBUG=1",
					"$(inherited)",
				);
				INFOPLIST_FILE = TCDTests/Info.plist;
				LD_RUNPATH_SEARCH_PATHS = "$(inherited) @executable_path/Frameworks @loader_path/Frameworks";
				PRODUCT_NAME = "$(TARGET_NAME)";
				TEST_HOST = "$(BUILT_PRODUCTS_DIR)/TCD.app/TCD";
			};
			name = Debug;
		};
		575D19AE1AF5400E00EA5247 /* Release */ = {
			isa = XCBuildConfiguration;
			buildSettings = {
				BUNDLE_LOADER = "$(TEST_HOST)";
				FRAMEWORK_SEARCH_PATHS = (
					"$(SDKROOT)/Developer/Library/Frameworks",
					"$(inherited)",
				);
				INFOPLIST_FILE = TCDTests/Info.plist;
				LD_RUNPATH_SEARCH_PATHS = "$(inherited) @executable_path/Frameworks @loader_path/Frameworks";
				PRODUCT_NAME = "$(TARGET_NAME)";
				TEST_HOST = "$(BUILT_PRODUCTS_DIR)/TCD.app/TCD";
			};
			name = Release;
		};
/* End XCBuildConfiguration section */

/* Begin XCConfigurationList section */
		575D19811AF5400E00EA5247 /* Build configuration list for PBXProject "TCD" */ = {
			isa = XCConfigurationList;
			buildConfigurations = (
				575D19A71AF5400E00EA5247 /* Debug */,
				575D19A81AF5400E00EA5247 /* Release */,
			);
			defaultConfigurationIsVisible = 0;
			defaultConfigurationName = Release;
		};
		575D19A91AF5400E00EA5247 /* Build configuration list for PBXNativeTarget "TCD" */ = {
			isa = XCConfigurationList;
			buildConfigurations = (
				575D19AA1AF5400E00EA5247 /* Debug */,
				575D19AB1AF5400E00EA5247 /* Release */,
			);
			defaultConfigurationIsVisible = 0;
			defaultConfigurationName = Release;
		};
		575D19AC1AF5400E00EA5247 /* Build configuration list for PBXNativeTarget "TCDTests" */ = {
			isa = XCConfigurationList;
			buildConfigurations = (
				575D19AD1AF5400E00EA5247 /* Debug */,
				575D19AE1AF5400E00EA5247 /* Release */,
			);
			defaultConfigurationIsVisible = 0;
			defaultConfigurationName = Release;
		};
/* End XCConfigurationList section */
	};
	rootObject = 575D197E1AF5400E00EA5247 /* Project object */;
}
